
Microsoft Visual Studio Solution File, Format Version 12.00
# Visual Studio Version 17
VisualStudioVersion = 17.5.001.0
MinimumVisualStudioVersion = 10.0.40219.1
Project("{9A19103F-16F7-4668-BE54-9A1E7A4F7556}") = "Cadastro", "Cadastro.csproj", "{0152AD58-14E9-4AEB-B847-B13EC896BF67}"
EndProject
Global
	GlobalSection(SolutionConfigurationPlatforms) = preSolution
		Debug|Any CPU = Debug|Any CPU
		Release|Any CPU = Release|Any CPU
	EndGlobalSection
	GlobalSection(ProjectConfigurationPlatforms) = postSolution
		{0152AD58-14E9-4AEB-B847-B13EC896BF67}.Debug|Any CPU.ActiveCfg = Debug|Any CPU
		{0152AD58-14E9-4AEB-B847-B13EC896BF67}.Debug|Any CPU.Build.0 = Debug|Any CPU
		{0152AD58-14E9-4AEB-B847-B13EC896BF67}.Release|Any CPU.ActiveCfg = Release|Any CPU
		{0152AD58-14E9-4AEB-B847-B13EC896BF67}.Release|Any CPU.Build.0 = Release|Any CPU
	EndGlobalSection
	GlobalSection(SolutionProperties) = preSolution
		HideSolutionNode = FALSE
	EndGlobalSection
	GlobalSection(ExtensibilityGlobals) = postSolution
		SolutionGuid = {270EE8E0-6FF0-44EB-A8E8-CA0F14ED02DD}
	EndGlobalSection
EndGlobal
